
Microsoft Visual Studio Solution File, Format Version 12.00
# Visual Studio Version 16
VisualStudioVersion = 16.0.29905.134
MinimumVisualStudioVersion = 10.0.40219.1
Project("{9A19103F-16F7-4668-BE54-9A1E7A4F7556}") = "VGS", "VGS.csproj", "{BDBF0EDE-1793-4B6F-B547-015C3FBCF753}"
EndProject
Global
	GlobalSection(SolutionConfigurationPlatforms) = preSolution
		Debug|Any CPU = Debug|Any CPU
		Release|Any CPU = Release|Any CPU
	EndGlobalSection
	GlobalSection(ProjectConfigurationPlatforms) = postSolution
		{BDBF0EDE-1793-4B6F-B547-015C3FBCF753}.Debug|Any CPU.ActiveCfg = Debug|Any CPU
		{BDBF0EDE-1793-4B6F-B547-015C3FBCF753}.Debug|Any CPU.Build.0 = Debug|Any CPU
		{BDBF0EDE-1793-4B6F-B547-015C3FBCF753}.Release|Any CPU.ActiveCfg = Release|Any CPU
		{BDBF0EDE-1793-4B6F-B547-015C3FBCF753}.Release|Any CPU.Build.0 = Release|Any CPU
	EndGlobalSection
	GlobalSection(SolutionProperties) = preSolution
		HideSolutionNode = FALSE
	EndGlobalSection
	GlobalSection(ExtensibilityGlobals) = postSolution
		SolutionGuid = {B46419EB-D830-4CDD-8E75-019EE75FAF52}
	EndGlobalSection
EndGlobal
